
Microsoft Visual Studio Solution File, Format Version 12.00
Project("{FAE04EC0-301F-11D3-BF4B-00C04F79EFBC}") = "OmniClient", "OmniClient\OmniClient.csproj", "{2B39BB7E-C55F-441D-B8E5-CCFB2282DB91}"
EndProject
Global
	GlobalSection(SolutionConfigurationPlatforms) = preSolution
		Debug|Any CPU = Debug|Any CPU
		Release|Any CPU = Release|Any CPU
	EndGlobalSection
	GlobalSection(ProjectConfigurationPlatforms) = postSolution
		{2B39BB7E-C55F-441D-B8E5-CCFB2282DB91}.Debug|Any CPU.ActiveCfg = Debug|Any CPU
		{2B39BB7E-C55F-441D-B8E5-CCFB2282DB91}.Debug|Any CPU.Build.0 = Debug|Any CPU
		{2B39BB7E-C55F-441D-B8E5-CCFB2282DB91}.Release|Any CPU.ActiveCfg = Release|Any CPU
		{2B39BB7E-C55F-441D-B8E5-CCFB2282DB91}.Release|Any CPU.Build.0 = Release|Any CPU
	EndGlobalSection
EndGlobal
